
Microsoft Visual Studio Solution File, Format Version 12.00
# Visual Studio Version 17
VisualStudioVersion = 17.10.34928.147
MinimumVisualStudioVersion = 10.0.40219.1
Project("{FAE04EC0-301F-11D3-BF4B-00C04F79EFBC}") = "BTTH79", "BTTH79.csproj", "{46AC05B1-3B2A-479D-A69F-0F5980F8EC92}"
EndProject
Global
	GlobalSection(SolutionConfigurationPlatforms) = preSolution
		Debug|Any CPU = Debug|Any CPU
		Release|Any CPU = Release|Any CPU
	EndGlobalSection
	GlobalSection(ProjectConfigurationPlatforms) = postSolution
		{46AC05B1-3B2A-479D-A69F-0F5980F8EC92}.Debug|Any CPU.ActiveCfg = Debug|Any CPU
		{46AC05B1-3B2A-479D-A69F-0F5980F8EC92}.Debug|Any CPU.Build.0 = Debug|Any CPU
		{46AC05B1-3B2A-479D-A69F-0F5980F8EC92}.Release|Any CPU.ActiveCfg = Release|Any CPU
		{46AC05B1-3B2A-479D-A69F-0F5980F8EC92}.Release|Any CPU.Build.0 = Release|Any CPU
	EndGlobalSection
	GlobalSection(SolutionProperties) = preSolution
		HideSolutionNode = FALSE
	EndGlobalSection
	GlobalSection(ExtensibilityGlobals) = postSolution
		SolutionGuid = {93D9AF06-A549-4EA2-A6E5-83027554A1D8}
	EndGlobalSection
EndGlobal
